// !$*UTF8*$!
{
	archiveVersion = 1;
	classes = {
	};
	objectVersion = 55;
	objects = {

/* Begin PBXBuildFile section */
		D59EDF6A27D6AB7700F6C937 /* LIQUIDApp.swift in Sources */ = {isa = PBXBuildFile; fileRef = D59EDF6927D6AB7700F6C937 /* LIQUIDApp.swift */; };
		D59EDF6C27D6AB7700F6C937 /* ContentView.swift in Sources */ = {isa = PBXBuildFile; fileRef = D59EDF6B27D6AB7700F6C937 /* ContentView.swift */; };
		D59EDF6E27D6AB7800F6C937 /* Assets.xcassets in Resources */ = {isa = PBXBuildFile; fileRef = D59EDF6D27D6AB7800F6C937 /* Assets.xcassets */; };
		D59EDF7127D6AB7800F6C937 /* Preview Assets.xcassets in Resources */ = {isa = PBXBuildFile; fileRef = D59EDF7027D6AB7800F6C937 /* Preview Assets.xcassets */; };
		D59EDF7927D6ABD800F6C937 /* Transaction.swift in Sources */ = {isa = PBXBuildFile; fileRef = D59EDF7827D6ABD800F6C937 /* Transaction.swift */; };
		D59EDF7B27D6ABE700F6C937 /* Day.swift in Sources */ = {isa = PBXBuildFile; fileRef = D59EDF7A27D6ABE700F6C937 /* Day.swift */; };
		D59EDF7E27D6ACC900F6C937 /* Model.swift in Sources */ = {isa = PBXBuildFile; fileRef = D59EDF7D27D6ACC900F6C937 /* Model.swift */; };
		D59EDF8627D6B3EB00F6C937 /* TransactionRow.swift in Sources */ = {isa = PBXBuildFile; fileRef = D59EDF8527D6B3EB00F6C937 /* TransactionRow.swift */; };
		D59EDF8827D6B41000F6C937 /* TransactionDetail.swift in Sources */ = {isa = PBXBuildFile; fileRef = D59EDF8727D6B41000F6C937 /* TransactionDetail.swift */; };
		D59EDF8B27D6B6A300F6C937 /* JournalTab.swift in Sources */ = {isa = PBXBuildFile; fileRef = D59EDF8A27D6B6A300F6C937 /* JournalTab.swift */; };
		D59EDF8D27D6B6CC00F6C937 /* HomeTab.swift in Sources */ = {isa = PBXBuildFile; fileRef = D59EDF8C27D6B6CC00F6C937 /* HomeTab.swift */; };
		D59EDF9027D6B6E300F6C937 /* SettingsTab.swift in Sources */ = {isa = PBXBuildFile; fileRef = D59EDF8F27D6B6E300F6C937 /* SettingsTab.swift */; };
		D59EDF9527D6B91400F6C937 /* AddTransaction.swift in Sources */ = {isa = PBXBuildFile; fileRef = D59EDF9427D6B91400F6C937 /* AddTransaction.swift */; };
		D5DD122027DA705B00E1FF08 /* PieSliceView.swift in Sources */ = {isa = PBXBuildFile; fileRef = D5DD121F27DA705B00E1FF08 /* PieSliceView.swift */; };
		D5DD122427DB08D600E1FF08 /* PieChartRow.swift in Sources */ = {isa = PBXBuildFile; fileRef = D5DD122327DB08D600E1FF08 /* PieChartRow.swift */; };
		D5DD122627DBBD9900E1FF08 /* PieSlice.swift in Sources */ = {isa = PBXBuildFile; fileRef = D5DD122527DBBD9900E1FF08 /* PieSlice.swift */; };
		D5DD122A27DC5B0400E1FF08 /* Category.swift in Sources */ = {isa = PBXBuildFile; fileRef = D5DD122927DC5B0400E1FF08 /* Category.swift */; };
		D5DD122C27DC7B9500E1FF08 /* AddNewCategory.swift in Sources */ = {isa = PBXBuildFile; fileRef = D5DD122B27DC7B9500E1FF08 /* AddNewCategory.swift */; };
/* End PBXBuildFile section */

/* Begin PBXFileReference section */
		D54FFA8427DE63800079E657 /* Info.plist */ = {isa = PBXFileReference; lastKnownFileType = text.plist; path = Info.plist; sourceTree = "<group>"; };
		D59EDF6627D6AB7700F6C937 /* LIQUID.app */ = {isa = PBXFileReference; explicitFileType = wrapper.application; includeInIndex = 0; path = LIQUID.app; sourceTree = BUILT_PRODUCTS_DIR; };
		D59EDF6927D6AB7700F6C937 /* LIQUIDApp.swift */ = {isa = PBXFileReference; lastKnownFileType = sourcecode.swift; path = LIQUIDApp.swift; sourceTree = "<group>"; };
		D59EDF6B27D6AB7700F6C937 /* ContentView.swift */ = {isa = PBXFileReference; lastKnownFileType = sourcecode.swift; path = ContentView.swift; sourceTree = "<group>"; };
		D59EDF6D27D6AB7800F6C937 /* Assets.xcassets */ = {isa = PBXFileReference; lastKnownFileType = folder.assetcatalog; path = Assets.xcassets; sourceTree = "<group>"; };
		D59EDF7027D6AB7800F6C937 /* Preview Assets.xcassets */ = {isa = PBXFileReference; lastKnownFileType = folder.assetcatalog; path = "Preview Assets.xcassets"; sourceTree = "<group>"; };
		D59EDF7827D6ABD800F6C937 /* Transaction.swift */ = {isa = PBXFileReference; lastKnownFileType = sourcecode.swift; path = Transaction.swift; sourceTree = "<group>"; };
		D59EDF7A27D6ABE700F6C937 /* Day.swift */ = {isa = PBXFileReference; lastKnownFileType = sourcecode.swift; path = Day.swift; sourceTree = "<group>"; };
		D59EDF7D27D6ACC900F6C937 /* Model.swift */ = {isa = PBXFileReference; lastKnownFileType = sourcecode.swift; path = Model.swift; sourceTree = "<group>"; };
		D59EDF8527D6B3EB00F6C937 /* TransactionRow.swift */ = {isa = PBXFileReference; lastKnownFileType = sourcecode.swift; path = TransactionRow.swift; sourceTree = "<group>"; };
		D59EDF8727D6B41000F6C937 /* TransactionDetail.swift */ = {isa = PBXFileReference; lastKnownFileType = sourcecode.swift; path = TransactionDetail.swift; sourceTree = "<group>"; };
		D59EDF8A27D6B6A300F6C937 /* JournalTab.swift */ = {isa = PBXFileReference; lastKnownFileType = sourcecode.swift; path = JournalTab.swift; sourceTree = "<group>"; };
		D59EDF8C27D6B6CC00F6C937 /* HomeTab.swift */ = {isa = PBXFileReference; lastKnownFileType = sourcecode.swift; path = HomeTab.swift; sourceTree = "<group>"; };
		D59EDF8F27D6B6E300F6C937 /* SettingsTab.swift */ = {isa = PBXFileReference; lastKnownFileType = sourcecode.swift; path = SettingsTab.swift; sourceTree = "<group>"; };
		D59EDF9427D6B91400F6C937 /* AddTransaction.swift */ = {isa = PBXFileReference; lastKnownFileType = sourcecode.swift; path = AddTransaction.swift; sourceTree = "<group>"; };
		D5DD121F27DA705B00E1FF08 /* PieSliceView.swift */ = {isa = PBXFileReference; lastKnownFileType = sourcecode.swift; path = PieSliceView.swift; sourceTree = "<group>"; };
		D5DD122327DB08D600E1FF08 /* PieChartRow.swift */ = {isa = PBXFileReference; lastKnownFileType = sourcecode.swift; path = PieChartRow.swift; sourceTree = "<group>"; };
		D5DD122527DBBD9900E1FF08 /* PieSlice.swift */ = {isa = PBXFileReference; lastKnownFileType = sourcecode.swift; path = PieSlice.swift; sourceTree = "<group>"; };
		D5DD122927DC5B0400E1FF08 /* Category.swift */ = {isa = PBXFileReference; lastKnownFileType = sourcecode.swift; path = Category.swift; sourceTree = "<group>"; };
		D5DD122B27DC7B9500E1FF08 /* AddNewCategory.swift */ = {isa = PBXFileReference; lastKnownFileType = sourcecode.swift; path = AddNewCategory.swift; sourceTree = "<group>"; };
/* End PBXFileReference section */

/* Begin PBXFrameworksBuildPhase section */
		D59EDF6327D6AB7700F6C937 /* Frameworks */ = {
			isa = PBXFrameworksBuildPhase;
			buildActionMask = 2147483647;
			files = (
			);
			runOnlyForDeploymentPostprocessing = 0;
		};
/* End PBXFrameworksBuildPhase section */

/* Begin PBXGroup section */
		D59EDF5D27D6AB7700F6C937 = {
			isa = PBXGroup;
			children = (
				D59EDF6827D6AB7700F6C937 /* LIQUID */,
				D59EDF6727D6AB7700F6C937 /* Products */,
			);
			sourceTree = "<group>";
		};
		D59EDF6727D6AB7700F6C937 /* Products */ = {
			isa = PBXGroup;
			children = (
				D59EDF6627D6AB7700F6C937 /* LIQUID.app */,
			);
			name = Products;
			sourceTree = "<group>";
		};
		D59EDF6827D6AB7700F6C937 /* LIQUID */ = {
			isa = PBXGroup;
			children = (
				D54FFA8427DE63800079E657 /* Info.plist */,
				D59EDF6927D6AB7700F6C937 /* LIQUIDApp.swift */,
				D59EDF6B27D6AB7700F6C937 /* ContentView.swift */,
				D59EDF7C27D6ACB000F6C937 /* TransactionModel */,
				D59EDF7727D6ABC900F6C937 /* Objects */,
				D59EDF8927D6B69600F6C937 /* Tabs */,
				D59EDF6D27D6AB7800F6C937 /* Assets.xcassets */,
				D59EDF6F27D6AB7800F6C937 /* Preview Content */,
			);
			path = LIQUID;
			sourceTree = "<group>";
		};
		D59EDF6F27D6AB7800F6C937 /* Preview Content */ = {
			isa = PBXGroup;
			children = (
				D59EDF7027D6AB7800F6C937 /* Preview Assets.xcassets */,
			);
			path = "Preview Content";
			sourceTree = "<group>";
		};
		D59EDF7727D6ABC900F6C937 /* Objects */ = {
			isa = PBXGroup;
			children = (
				D59EDF7827D6ABD800F6C937 /* Transaction.swift */,
				D59EDF7A27D6ABE700F6C937 /* Day.swift */,
				D5DD122527DBBD9900E1FF08 /* PieSlice.swift */,
			);
			path = Objects;
			sourceTree = "<group>";
		};
		D59EDF7C27D6ACB000F6C937 /* TransactionModel */ = {
			isa = PBXGroup;
			children = (
				D59EDF7D27D6ACC900F6C937 /* Model.swift */,
			);
			path = TransactionModel;
			sourceTree = "<group>";
		};
		D59EDF8227D6B3BF00F6C937 /* TransactionViews */ = {
			isa = PBXGroup;
			children = (
				D59EDF8527D6B3EB00F6C937 /* TransactionRow.swift */,
				D59EDF9427D6B91400F6C937 /* AddTransaction.swift */,
				D59EDF8727D6B41000F6C937 /* TransactionDetail.swift */,
				D5DD122927DC5B0400E1FF08 /* Category.swift */,
				D5DD122B27DC7B9500E1FF08 /* AddNewCategory.swift */,
			);
			path = TransactionViews;
			sourceTree = "<group>";
		};
		D59EDF8927D6B69600F6C937 /* Tabs */ = {
			isa = PBXGroup;
			children = (
				D59EDF9327D6B71500F6C937 /* HomeTab */,
				D59EDF9227D6B70B00F6C937 /* SettingsTab */,
				D59EDF9127D6B6F600F6C937 /* JournalTab */,
			);
			path = Tabs;
			sourceTree = "<group>";
		};
		D59EDF9127D6B6F600F6C937 /* JournalTab */ = {
			isa = PBXGroup;
			children = (
				D59EDF8A27D6B6A300F6C937 /* JournalTab.swift */,
				D59EDF8227D6B3BF00F6C937 /* TransactionViews */,
			);
			path = JournalTab;
			sourceTree = "<group>";
		};
		D59EDF9227D6B70B00F6C937 /* SettingsTab */ = {
			isa = PBXGroup;
			children = (
				D59EDF8F27D6B6E300F6C937 /* SettingsTab.swift */,
			);
			path = SettingsTab;
			sourceTree = "<group>";
		};
		D59EDF9327D6B71500F6C937 /* HomeTab */ = {
			isa = PBXGroup;
			children = (
				D59EDF8C27D6B6CC00F6C937 /* HomeTab.swift */,
				D5DD121E27DA704000E1FF08 /* PieViews */,
			);
			path = HomeTab;
			sourceTree = "<group>";
		};
		D5DD121E27DA704000E1FF08 /* PieViews */ = {
			isa = PBXGroup;
			children = (
				D5DD121F27DA705B00E1FF08 /* PieSliceView.swift */,
				D5DD122327DB08D600E1FF08 /* PieChartRow.swift */,
			);
			path = PieViews;
			sourceTree = "<group>";
		};
/* End PBXGroup section */

/* Begin PBXNativeTarget section */
		D59EDF6527D6AB7700F6C937 /* LIQUID */ = {
			isa = PBXNativeTarget;
			buildConfigurationList = D59EDF7427D6AB7800F6C937 /* Build configuration list for PBXNativeTarget "LIQUID" */;
			buildPhases = (
				D59EDF6227D6AB7700F6C937 /* Sources */,
				D59EDF6327D6AB7700F6C937 /* Frameworks */,
				D59EDF6427D6AB7700F6C937 /* Resources */,
			);
			buildRules = (
			);
			dependencies = (
			);
			name = LIQUID;
			productName = LIQUID;
			productReference = D59EDF6627D6AB7700F6C937 /* LIQUID.app */;
			productType = "com.apple.product-type.application";
		};
/* End PBXNativeTarget section */

/* Begin PBXProject section */
		D59EDF5E27D6AB7700F6C937 /* Project object */ = {
			isa = PBXProject;
			attributes = {
				BuildIndependentTargetsInParallel = 1;
				LastSwiftUpdateCheck = 1320;
				LastUpgradeCheck = 1320;
				TargetAttributes = {
					D59EDF6527D6AB7700F6C937 = {
						CreatedOnToolsVersion = 13.2.1;
					};
				};
			};
			buildConfigurationList = D59EDF6127D6AB7700F6C937 /* Build configuration list for PBXProject "LIQUID" */;
			compatibilityVersion = "Xcode 13.0";
			developmentRegion = en;
			hasScannedForEncodings = 0;
			knownRegions = (
				en,
				Base,
			);
			mainGroup = D59EDF5D27D6AB7700F6C937;
			productRefGroup = D59EDF6727D6AB7700F6C937 /* Products */;
			projectDirPath = "";
			projectRoot = "";
			targets = (
				D59EDF6527D6AB7700F6C937 /* LIQUID */,
			);
		};
/* End PBXProject section */

/* Begin PBXResourcesBuildPhase section */
		D59EDF6427D6AB7700F6C937 /* Resources */ = {
			isa = PBXResourcesBuildPhase;
			buildActionMask = 2147483647;
			files = (
				D59EDF7127D6AB7800F6C937 /* Preview Assets.xcassets in Resources */,
				D59EDF6E27D6AB7800F6C937 /* Assets.xcassets in Resources */,
			);
			runOnlyForDeploymentPostprocessing = 0;
		};
/* End PBXResourcesBuildPhase section */

/* Begin PBXSourcesBuildPhase section */
		D59EDF6227D6AB7700F6C937 /* Sources */ = {
			isa = PBXSourcesBuildPhase;
			buildActionMask = 2147483647;
			files = (
				D59EDF8827D6B41000F6C937 /* TransactionDetail.swift in Sources */,
				D5DD122C27DC7B9500E1FF08 /* AddNewCategory.swift in Sources */,
				D59EDF7E27D6ACC900F6C937 /* Model.swift in Sources */,
				D5DD122027DA705B00E1FF08 /* PieSliceView.swift in Sources */,
				D59EDF9527D6B91400F6C937 /* AddTransaction.swift in Sources */,
				D59EDF9027D6B6E300F6C937 /* SettingsTab.swift in Sources */,
				D5DD122427DB08D600E1FF08 /* PieChartRow.swift in Sources */,
				D5DD122A27DC5B0400E1FF08 /* Category.swift in Sources */,
				D59EDF6C27D6AB7700F6C937 /* ContentView.swift in Sources */,
				D59EDF6A27D6AB7700F6C937 /* LIQUIDApp.swift in Sources */,
				D59EDF8627D6B3EB00F6C937 /* TransactionRow.swift in Sources */,
				D59EDF8B27D6B6A300F6C937 /* JournalTab.swift in Sources */,
				D59EDF8D27D6B6CC00F6C937 /* HomeTab.swift in Sources */,
				D5DD122627DBBD9900E1FF08 /* PieSlice.swift in Sources */,
				D59EDF7B27D6ABE700F6C937 /* Day.swift in Sources */,
				D59EDF7927D6ABD800F6C937 /* Transaction.swift in Sources */,
			);
			runOnlyForDeploymentPostprocessing = 0;
		};
/* End PBXSourcesBuildPhase section */

/* Begin XCBuildConfiguration section */
		D59EDF7227D6AB7800F6C937 /* Debug */ = {
			isa = XCBuildConfiguration;
			buildSettings = {
				ALWAYS_SEARCH_USER_PATHS = NO;
				CLANG_ANALYZER_NONNULL = YES;
				CLANG_ANALYZER_NUMBER_OBJECT_CONVERSION = YES_AGGRESSIVE;
				CLANG_CXX_LANGUAGE_STANDARD = "gnu++17";
				CLANG_CXX_LIBRARY = "libc++";
				CLANG_ENABLE_MODULES = YES;
				CLANG_ENABLE_OBJC_ARC = YES;
				CLANG_ENABLE_OBJC_WEAK = YES;
				CLANG_WARN_BLOCK_CAPTURE_AUTORELEASING = YES;
				CLANG_WARN_BOOL_CONVERSION = YES;
				CLANG_WARN_COMMA = YES;
				CLANG_WARN_CONSTANT_CONVERSION = YES;
				CLANG_WARN_DEPRECATED_OBJC_IMPLEMENTATIONS = YES;
				CLANG_WARN_DIRECT_OBJC_ISA_USAGE = YES_ERROR;
				CLANG_WARN_DOCUMENTATION_COMMENTS = YES;
				CLANG_WARN_EMPTY_BODY = YES;
				CLANG_WARN_ENUM_CONVERSION = YES;
				CLANG_WARN_INFINITE_RECURSION = YES;
				CLANG_WARN_INT_CONVERSION = YES;
				CLANG_WARN_NON_LITERAL_NULL_CONVERSION = YES;
				CLANG_WARN_OBJC_IMPLICIT_RETAIN_SELF = YES;
				CLANG_WARN_OBJC_LITERAL_CONVERSION = YES;
				CLANG_WARN_OBJC_ROOT_CLASS = YES_ERROR;
				CLANG_WARN_QUOTED_INCLUDE_IN_FRAMEWORK_HEADER = YES;
				CLANG_WARN_RANGE_LOOP_ANALYSIS = YES;
				CLANG_WARN_STRICT_PROTOTYPES = YES;
				CLANG_WARN_SUSPICIOUS_MOVE = YES;
				CLANG_WARN_UNGUARDED_AVAILABILITY = YES_AGGRESSIVE;
				CLANG_WARN_UNREACHABLE_CODE = YES;
				CLANG_WARN__DUPLICATE_METHOD_MATCH = YES;
				COPY_PHASE_STRIP = NO;
				DEBUG_INFORMATION_FORMAT = dwarf;
				ENABLE_STRICT_OBJC_MSGSEND = YES;
				ENABLE_TESTABILITY = YES;
				GCC_C_LANGUAGE_STANDARD = gnu11;
				GCC_DYNAMIC_NO_PIC = NO;
				GCC_NO_COMMON_BLOCKS = YES;
				GCC_OPTIMIZATION_LEVEL = 0;
				GCC_PREPROCESSOR_DEFINITIONS = (
					"DEBUG=1",
					"$(inherited)",
				);
				GCC_WARN_64_TO_32_BIT_CONVERSION = YES;
				GCC_WARN_ABOUT_RETURN_TYPE = YES_ERROR;
				GCC_WARN_UNDECLARED_SELECTOR = YES;
				GCC_WARN_UNINITIALIZED_AUTOS = YES_AGGRESSIVE;
				GCC_WARN_UNUSED_FUNCTION = YES;
				GCC_WARN_UNUSED_VARIABLE = YES;
				IPHONEOS_DEPLOYMENT_TARGET = 15.2;
				MTL_ENABLE_DEBUG_INFO = INCLUDE_SOURCE;
				MTL_FAST_MATH = YES;
				ONLY_ACTIVE_ARCH = YES;
				SDKROOT = iphoneos;
				SWIFT_ACTIVE_COMPILATION_CONDITIONS = DEBUG;
				SWIFT_OPTIMIZATION_LEVEL = "-Onone";
			};
			name = Debug;
		};
		D59EDF7327D6AB7800F6C937 /* Release */ = {
			isa = XCBuildConfiguration;
			buildSettings = {
				ALWAYS_SEARCH_USER_PATHS = NO;
				CLANG_ANALYZER_NONNULL = YES;
				CLANG_ANALYZER_NUMBER_OBJECT_CONVERSION = YES_AGGRESSIVE;
				CLANG_CXX_LANGUAGE_STANDARD = "gnu++17";
				CLANG_CXX_LIBRARY = "libc++";
				CLANG_ENABLE_MODULES = YES;
				CLANG_ENABLE_OBJC_ARC = YES;
				CLANG_ENABLE_OBJC_WEAK = YES;
				CLANG_WARN_BLOCK_CAPTURE_AUTORELEASING = YES;
				CLANG_WARN_BOOL_CONVERSION = YES;
				CLANG_WARN_COMMA = YES;
				CLANG_WARN_CONSTANT_CONVERSION = YES;
				CLANG_WARN_DEPRECATED_OBJC_IMPLEMENTATIONS = YES;
				CLANG_WARN_DIRECT_OBJC_ISA_USAGE = YES_ERROR;
				CLANG_WARN_DOCUMENTATION_COMMENTS = YES;
				CLANG_WARN_EMPTY_BODY = YES;
				CLANG_WARN_ENUM_CONVERSION = YES;
				CLANG_WARN_INFINITE_RECURSION = YES;
				CLANG_WARN_INT_CONVERSION = YES;
				CLANG_WARN_NON_LITERAL_NULL_CONVERSION = YES;
				CLANG_WARN_OBJC_IMPLICIT_RETAIN_SELF = YES;
				CLANG_WARN_OBJC_LITERAL_CONVERSION = YES;
				CLANG_WARN_OBJC_ROOT_CLASS = YES_ERROR;
				CLANG_WARN_QUOTED_INCLUDE_IN_FRAMEWORK_HEADER = YES;
				CLANG_WARN_RANGE_LOOP_ANALYSIS = YES;
				CLANG_WARN_STRICT_PROTOTYPES = YES;
				CLANG_WARN_SUSPICIOUS_MOVE = YES;
				CLANG_WARN_UNGUARDED_AVAILABILITY = YES_AGGRESSIVE;
				CLANG_WARN_UNREACHABLE_CODE = YES;
				CLANG_WARN__DUPLICATE_METHOD_MATCH = YES;
				COPY_PHASE_STRIP = NO;
				DEBUG_INFORMATION_FORMAT = "dwarf-with-dsym";
				ENABLE_NS_ASSERTIONS = NO;
				ENABLE_STRICT_OBJC_MSGSEND = YES;
				GCC_C_LANGUAGE_STANDARD = gnu11;
				GCC_NO_COMMON_BLOCKS = YES;
				GCC_WARN_64_TO_32_BIT_CONVERSION = YES;
				GCC_WARN_ABOUT_RETURN_TYPE = YES_ERROR;
				GCC_WARN_UNDECLARED_SELECTOR = YES;
				GCC_WARN_UNINITIALIZED_AUTOS = YES_AGGRESSIVE;
				GCC_WARN_UNUSED_FUNCTION = YES;
				GCC_WARN_UNUSED_VARIABLE = YES;
				IPHONEOS_DEPLOYMENT_TARGET = 15.2;
				MTL_ENABLE_DEBUG_INFO = NO;
				MTL_FAST_MATH = YES;
				SDKROOT = iphoneos;
				SWIFT_COMPILATION_MODE = wholemodule;
				SWIFT_OPTIMIZATION_LEVEL = "-O";
				VALIDATE_PRODUCT = YES;
			};
			name = Release;
		};
		D59EDF7527D6AB7800F6C937 /* Debug */ = {
			isa = XCBuildConfiguration;
			buildSettings = {
				ASSETCATALOG_COMPILER_APPICON_NAME = AppIcon;
				ASSETCATALOG_COMPILER_GLOBAL_ACCENT_COLOR_NAME = AccentColor;
				CODE_SIGN_STYLE = Automatic;
				CURRENT_PROJECT_VERSION = 1;
				DEVELOPMENT_ASSET_PATHS = "\"LIQUID/Preview Content\"";
				DEVELOPMENT_TEAM = 27TP6PG8AZ;
				ENABLE_PREVIEWS = YES;
				GENERATE_INFOPLIST_FILE = YES;
				INFOPLIST_FILE = LIQUID/Info.plist;
				INFOPLIST_KEY_UIApplicationSceneManifest_Generation = YES;
				INFOPLIST_KEY_UIApplicationSupportsIndirectInputEvents = YES;
				INFOPLIST_KEY_UILaunchScreen_Generation = YES;
				INFOPLIST_KEY_UISupportedInterfaceOrientations = UIInterfaceOrientationPortrait;
				INFOPLIST_KEY_UISupportedInterfaceOrientations_iPad = "UIInterfaceOrientationPortrait UIInterfaceOrientationPortraitUpsideDown UIInterfaceOrientationLandscapeLeft UIInterfaceOrientationLandscapeRight";
				INFOPLIST_KEY_UISupportedInterfaceOrientations_iPhone = UIInterfaceOrientationPortrait;
				IPHONEOS_DEPLOYMENT_TARGET = 15.2;
				LD_RUNPATH_SEARCH_PATHS = (
					"$(inherited)",
					"@executable_path/Frameworks",
				);
				MARKETING_VERSION = 1.0;
				PRODUCT_BUNDLE_IDENTIFIER = AlbertoDominguez.LIQUID;
				PRODUCT_NAME = "$(TARGET_NAME)";
				SWIFT_EMIT_LOC_STRINGS = YES;
				SWIFT_VERSION = 5.0;
				TARGETED_DEVICE_FAMILY = "1,2";
			};
			name = Debug;
		};
		D59EDF7627D6AB7800F6C937 /* Release */ = {
			isa = XCBuildConfiguration;
			buildSettings = {
				ASSETCATALOG_COMPILER_APPICON_NAME = AppIcon;
				ASSETCATALOG_COMPILER_GLOBAL_ACCENT_COLOR_NAME = AccentColor;
				CODE_SIGN_STYLE = Automatic;
				CURRENT_PROJECT_VERSION = 1;
				DEVELOPMENT_ASSET_PATHS = "\"LIQUID/Preview Content\"";
				DEVELOPMENT_TEAM = 27TP6PG8AZ;
				ENABLE_PREVIEWS = YES;
				GENERATE_INFOPLIST_FILE = YES;
				INFOPLIST_FILE = LIQUID/Info.plist;
				INFOPLIST_KEY_UIApplicationSceneManifest_Generation = YES;
				INFOPLIST_KEY_UIApplicationSupportsIndirectInputEvents = YES;
				INFOPLIST_KEY_UILaunchScreen_Generation = YES;
				INFOPLIST_KEY_UISupportedInterfaceOrientations = UIInterfaceOrientationPortrait;
				INFOPLIST_KEY_UISupportedInterfaceOrientations_iPad = "UIInterfaceOrientationPortrait UIInterfaceOrientationPortraitUpsideDown UIInterfaceOrientationLandscapeLeft UIInterfaceOrientationLandscapeRight";
				INFOPLIST_KEY_UISupportedInterfaceOrientations_iPhone = UIInterfaceOrientationPortrait;
				IPHONEOS_DEPLOYMENT_TARGET = 15.2;
				LD_RUNPATH_SEARCH_PATHS = (
					"$(inherited)",
					"@executable_path/Frameworks",
				);
				MARKETING_VERSION = 1.0;
				PRODUCT_BUNDLE_IDENTIFIER = AlbertoDominguez.LIQUID;
				PRODUCT_NAME = "$(TARGET_NAME)";
				SWIFT_EMIT_LOC_STRINGS = YES;
				SWIFT_VERSION = 5.0;
				TARGETED_DEVICE_FAMILY = "1,2";
			};
			name = Release;
		};
/* End XCBuildConfiguration section */

/* Begin XCConfigurationList section */
		D59EDF6127D6AB7700F6C937 /* Build configuration list for PBXProject "LIQUID" */ = {
			isa = XCConfigurationList;
			buildConfigurations = (
				D59EDF7227D6AB7800F6C937 /* Debug */,
				D59EDF7327D6AB7800F6C937 /* Release */,
			);
			defaultConfigurationIsVisible = 0;
			defaultConfigurationName = Release;
		};
		D59EDF7427D6AB7800F6C937 /* Build configuration list for PBXNativeTarget "LIQUID" */ = {
			isa = XCConfigurationList;
			buildConfigurations = (
				D59EDF7527D6AB7800F6C937 /* Debug */,
				D59EDF7627D6AB7800F6C937 /* Release */,
			);
			defaultConfigurationIsVisible = 0;
			defaultConfigurationName = Release;
		};
/* End XCConfigurationList section */
	};
	rootObject = D59EDF5E27D6AB7700F6C937 /* Project object */;
}
